
Microsoft Visual Studio Solution File, Format Version 12.00
# Visual Studio 15
VisualStudioVersion = 15.0.28307.645
MinimumVisualStudioVersion = 10.0.40219.1
Project("{FAE04EC0-301F-11D3-BF4B-00C04F79EFBC}") = "SysShellHandler", "SysShellHandler\SysShellHandler.csproj", "{127B1DBB-E350-426E-982E-3C5A6F850F6B}"
EndProject
Global
	GlobalSection(SolutionConfigurationPlatforms) = preSolution
		Debug|Any CPU = Debug|Any CPU
		Release|Any CPU = Release|Any CPU
	EndGlobalSection
	GlobalSection(ProjectConfigurationPlatforms) = postSolution
		{127B1DBB-E350-426E-982E-3C5A6F850F6B}.Debug|Any CPU.ActiveCfg = Debug|Any CPU
		{127B1DBB-E350-426E-982E-3C5A6F850F6B}.Debug|Any CPU.Build.0 = Debug|Any CPU
		{127B1DBB-E350-426E-982E-3C5A6F850F6B}.Release|Any CPU.ActiveCfg = Release|Any CPU
		{127B1DBB-E350-426E-982E-3C5A6F850F6B}.Release|Any CPU.Build.0 = Release|Any CPU
	EndGlobalSection
	GlobalSection(SolutionProperties) = preSolution
		HideSolutionNode = FALSE
	EndGlobalSection
	GlobalSection(ExtensibilityGlobals) = postSolution
		SolutionGuid = {F3370AA3-C270-494B-AA3F-608C37F34DB1}
	EndGlobalSection
EndGlobal
